
Microsoft Visual Studio Solution File, Format Version 12.00
Project("{FAE04EC0-301F-11D3-BF4B-00C04F79EFBC}") = "LiveClinic.Registry", "src\LiveClinic.Registry\LiveClinic.Registry.csproj", "{D084E17E-24EF-48FE-A3B3-4534B1BF39FE}"
EndProject
Project("{2150E333-8FDC-42A3-9474-1A3956D46DE8}") = "src", "src", "{A239238A-5734-4D5E-B14D-75275E6F2DED}"
EndProject
Project("{2150E333-8FDC-42A3-9474-1A3956D46DE8}") = "test", "test", "{3DC3701D-2042-430D-969A-F403C01653DD}"
EndProject
Project("{FAE04EC0-301F-11D3-BF4B-00C04F79EFBC}") = "LiveClinic.Billing", "src\LiveClinic.Billing\LiveClinic.Billing.csproj", "{C86A9257-4839-4F03-8D78-3A0066EEF4A5}"
EndProject
Project("{FAE04EC0-301F-11D3-BF4B-00C04F79EFBC}") = "LiveClinic.Shared", "src\LiveClinic.Shared\LiveClinic.Shared.csproj", "{874E9131-26B2-4710-8FD5-506C453ED2B8}"
EndProject
Project("{FAE04EC0-301F-11D3-BF4B-00C04F79EFBC}") = "LiveClinic.Shared.Tests", "test\LiveClinic.Shared.Tests\LiveClinic.Shared.Tests.csproj", "{287EFD4C-450B-4D2B-A2AF-ACE099256104}"
EndProject
Project("{FAE04EC0-301F-11D3-BF4B-00C04F79EFBC}") = "LiveClinic.Registry.Tests", "test\LiveClinic.Registry.Tests\LiveClinic.Registry.Tests.csproj", "{6895EE5B-2F98-4AA3-8B47-B51E56C3E812}"
EndProject
Project("{FAE04EC0-301F-11D3-BF4B-00C04F79EFBC}") = "LiveClinic.Billing.Tests", "test\LiveClinic.Billing.Tests\LiveClinic.Billing.Tests.csproj", "{85C2CA74-5113-4F8B-A714-C1CFE2CF6125}"
EndProject
Project("{FAE04EC0-301F-11D3-BF4B-00C04F79EFBC}") = "LiveClinic.Contracts", "src\LiveClinic.Contracts\LiveClinic.Contracts.csproj", "{BE0E187F-51EB-4C6E-86A1-66ACE0DB84A2}"
EndProject
Project("{FAE04EC0-301F-11D3-BF4B-00C04F79EFBC}") = "LiveClinic", "src\LiveClinic\LiveClinic.csproj", "{30FFD669-88A5-42BD-A2CB-D4A4E4F71C53}"
EndProject
Project("{FAE04EC0-301F-11D3-BF4B-00C04F79EFBC}") = "LiveClinic.Tests", "test\LiveClinic.Tests\LiveClinic.Tests.csproj", "{E9095C81-9FB1-4799-9A1F-501491E96E32}"
EndProject
Global
	GlobalSection(SolutionConfigurationPlatforms) = preSolution
		Debug|Any CPU = Debug|Any CPU
		Release|Any CPU = Release|Any CPU
	EndGlobalSection
	GlobalSection(ProjectConfigurationPlatforms) = postSolution
		{D084E17E-24EF-48FE-A3B3-4534B1BF39FE}.Debug|Any CPU.ActiveCfg = Debug|Any CPU
		{D084E17E-24EF-48FE-A3B3-4534B1BF39FE}.Debug|Any CPU.Build.0 = Debug|Any CPU
		{D084E17E-24EF-48FE-A3B3-4534B1BF39FE}.Release|Any CPU.ActiveCfg = Release|Any CPU
		{D084E17E-24EF-48FE-A3B3-4534B1BF39FE}.Release|Any CPU.Build.0 = Release|Any CPU
		{C86A9257-4839-4F03-8D78-3A0066EEF4A5}.Debug|Any CPU.ActiveCfg = Debug|Any CPU
		{C86A9257-4839-4F03-8D78-3A0066EEF4A5}.Debug|Any CPU.Build.0 = Debug|Any CPU
		{C86A9257-4839-4F03-8D78-3A0066EEF4A5}.Release|Any CPU.ActiveCfg = Release|Any CPU
		{C86A9257-4839-4F03-8D78-3A0066EEF4A5}.Release|Any CPU.Build.0 = Release|Any CPU
		{874E9131-26B2-4710-8FD5-506C453ED2B8}.Debug|Any CPU.ActiveCfg = Debug|Any CPU
		{874E9131-26B2-4710-8FD5-506C453ED2B8}.Debug|Any CPU.Build.0 = Debug|Any CPU
		{874E9131-26B2-4710-8FD5-506C453ED2B8}.Release|Any CPU.ActiveCfg = Release|Any CPU
		{874E9131-26B2-4710-8FD5-506C453ED2B8}.Release|Any CPU.Build.0 = Release|Any CPU
		{287EFD4C-450B-4D2B-A2AF-ACE099256104}.Debug|Any CPU.ActiveCfg = Debug|Any CPU
		{287EFD4C-450B-4D2B-A2AF-ACE099256104}.Debug|Any CPU.Build.0 = Debug|Any CPU
		{287EFD4C-450B-4D2B-A2AF-ACE099256104}.Release|Any CPU.ActiveCfg = Release|Any CPU
		{287EFD4C-450B-4D2B-A2AF-ACE099256104}.Release|Any CPU.Build.0 = Release|Any CPU
		{6895EE5B-2F98-4AA3-8B47-B51E56C3E812}.Debug|Any CPU.ActiveCfg = Debug|Any CPU
		{6895EE5B-2F98-4AA3-8B47-B51E56C3E812}.Debug|Any CPU.Build.0 = Debug|Any CPU
		{6895EE5B-2F98-4AA3-8B47-B51E56C3E812}.Release|Any CPU.ActiveCfg = Release|Any CPU
		{6895EE5B-2F98-4AA3-8B47-B51E56C3E812}.Release|Any CPU.Build.0 = Release|Any CPU
		{85C2CA74-5113-4F8B-A714-C1CFE2CF6125}.Debug|Any CPU.ActiveCfg = Debug|Any CPU
		{85C2CA74-5113-4F8B-A714-C1CFE2CF6125}.Debug|Any CPU.Build.0 = Debug|Any CPU
		{85C2CA74-5113-4F8B-A714-C1CFE2CF6125}.Release|Any CPU.ActiveCfg = Release|Any CPU
		{85C2CA74-5113-4F8B-A714-C1CFE2CF6125}.Release|Any CPU.Build.0 = Release|Any CPU
		{BE0E187F-51EB-4C6E-86A1-66ACE0DB84A2}.Debug|Any CPU.ActiveCfg = Debug|Any CPU
		{BE0E187F-51EB-4C6E-86A1-66ACE0DB84A2}.Debug|Any CPU.Build.0 = Debug|Any CPU
		{BE0E187F-51EB-4C6E-86A1-66ACE0DB84A2}.Release|Any CPU.ActiveCfg = Release|Any CPU
		{BE0E187F-51EB-4C6E-86A1-66ACE0DB84A2}.Release|Any CPU.Build.0 = Release|Any CPU
		{30FFD669-88A5-42BD-A2CB-D4A4E4F71C53}.Debug|Any CPU.ActiveCfg = Debug|Any CPU
		{30FFD669-88A5-42BD-A2CB-D4A4E4F71C53}.Debug|Any CPU.Build.0 = Debug|Any CPU
		{30FFD669-88A5-42BD-A2CB-D4A4E4F71C53}.Release|Any CPU.ActiveCfg = Release|Any CPU
		{30FFD669-88A5-42BD-A2CB-D4A4E4F71C53}.Release|Any CPU.Build.0 = Release|Any CPU
		{E9095C81-9FB1-4799-9A1F-501491E96E32}.Debug|Any CPU.ActiveCfg = Debug|Any CPU
		{E9095C81-9FB1-4799-9A1F-501491E96E32}.Debug|Any CPU.Build.0 = Debug|Any CPU
		{E9095C81-9FB1-4799-9A1F-501491E96E32}.Release|Any CPU.ActiveCfg = Release|Any CPU
		{E9095C81-9FB1-4799-9A1F-501491E96E32}.Release|Any CPU.Build.0 = Release|Any CPU
	EndGlobalSection
	GlobalSection(NestedProjects) = preSolution
		{D084E17E-24EF-48FE-A3B3-4534B1BF39FE} = {A239238A-5734-4D5E-B14D-75275E6F2DED}
		{C86A9257-4839-4F03-8D78-3A0066EEF4A5} = {A239238A-5734-4D5E-B14D-75275E6F2DED}
		{874E9131-26B2-4710-8FD5-506C453ED2B8} = {A239238A-5734-4D5E-B14D-75275E6F2DED}
		{287EFD4C-450B-4D2B-A2AF-ACE099256104} = {3DC3701D-2042-430D-969A-F403C01653DD}
		{6895EE5B-2F98-4AA3-8B47-B51E56C3E812} = {3DC3701D-2042-430D-969A-F403C01653DD}
		{85C2CA74-5113-4F8B-A714-C1CFE2CF6125} = {3DC3701D-2042-430D-969A-F403C01653DD}
		{BE0E187F-51EB-4C6E-86A1-66ACE0DB84A2} = {A239238A-5734-4D5E-B14D-75275E6F2DED}
		{30FFD669-88A5-42BD-A2CB-D4A4E4F71C53} = {A239238A-5734-4D5E-B14D-75275E6F2DED}
		{E9095C81-9FB1-4799-9A1F-501491E96E32} = {3DC3701D-2042-430D-969A-F403C01653DD}
	EndGlobalSection
EndGlobal
