
Microsoft Visual Studio Solution File, Format Version 12.00
# Visual Studio Version 17
VisualStudioVersion = 17.3.32922.545
MinimumVisualStudioVersion = 10.0.40219.1
Project("{2150E333-8FDC-42A3-9474-1A3956D46DE8}") = "src", "src", "{EA99B815-A277-4494-8CD5-37552EF1B57F}"
EndProject
Project("{2150E333-8FDC-42A3-9474-1A3956D46DE8}") = "auth", "auth", "{CC71A8D0-420D-45CF-B370-B9DF84DB91D6}"
EndProject
Project("{9A19103F-16F7-4668-BE54-9A1E7A4F7556}") = "LiveAuth.Admin", "src\auth\LiveAuth.Admin\LiveAuth.Admin.csproj", "{A261C5EB-3D4A-4B1B-B3BA-7D9A039B5172}"
EndProject
Project("{9A19103F-16F7-4668-BE54-9A1E7A4F7556}") = "LiveAuth.Admin.Api", "src\auth\LiveAuth.Admin.Api\LiveAuth.Admin.Api.csproj", "{99BCC69E-3FB1-4276-B000-927130E78CB3}"
EndProject
Project("{9A19103F-16F7-4668-BE54-9A1E7A4F7556}") = "LiveAuth.Admin.EntityFramework.Shared", "src\auth\LiveAuth.Admin.EntityFramework.Shared\LiveAuth.Admin.EntityFramework.Shared.csproj", "{BAB914C4-8CEF-4C1B-B75F-551FC40E7222}"
EndProject
Project("{9A19103F-16F7-4668-BE54-9A1E7A4F7556}") = "LiveAuth.Shared", "src\auth\LiveAuth.Shared\LiveAuth.Shared.csproj", "{F6F4DEF0-3DBA-49C7-9088-DEC82075C59E}"
EndProject
Project("{9A19103F-16F7-4668-BE54-9A1E7A4F7556}") = "LiveAuth.STS.Identity", "src\auth\LiveAuth.STS.Identity\LiveAuth.STS.Identity.csproj", "{E5E96CF3-6116-4257-9BA9-49237D79AE8D}"
EndProject
Project("{2150E333-8FDC-42A3-9474-1A3956D46DE8}") = "shared", "shared", "{6A3AEA36-A835-4B61-9CDA-05678507C845}"
EndProject
Project("{2150E333-8FDC-42A3-9474-1A3956D46DE8}") = "contracts", "contracts", "{1227A1B4-93F5-4268-B826-523369AC05CD}"
EndProject
Project("{9A19103F-16F7-4668-BE54-9A1E7A4F7556}") = "LiveClinic.Contracts", "src\contracts\LiveClinic.Contracts\LiveClinic.Contracts.csproj", "{E7E74907-3878-4586-8B50-9EE74517D6E2}"
EndProject
Project("{2150E333-8FDC-42A3-9474-1A3956D46DE8}") = "billing", "billing", "{13888FDE-651F-4FCB-94F0-42B042857CEF}"
EndProject
Project("{2150E333-8FDC-42A3-9474-1A3956D46DE8}") = "registry", "registry", "{046AEC56-FF07-472F-ADD1-53D4D2F480B5}"
EndProject
Project("{9A19103F-16F7-4668-BE54-9A1E7A4F7556}") = "LiveClinic.Registry", "src\registry\LiveClinic.Registry\LiveClinic.Registry.csproj", "{344F32A8-C59C-4B69-B182-646B764563A3}"
EndProject
Project("{9A19103F-16F7-4668-BE54-9A1E7A4F7556}") = "LiveClinic.Billing", "src\billing\LiveClinic.Billing\LiveClinic.Billing.csproj", "{02ADFD47-3AF6-48D9-8EBB-E76F9CAB2BCD}"
EndProject
Project("{2150E333-8FDC-42A3-9474-1A3956D46DE8}") = "tests", "tests", "{BEA6D91D-1382-41BF-BDBD-05F32E1C1842}"
	ProjectSection(SolutionItems) = preProject
		tests\LiveClinic.Tests\LiveClinic.Tests.csproj = tests\LiveClinic.Tests\LiveClinic.Tests.csproj
	EndProjectSection
EndProject
Project("{9A19103F-16F7-4668-BE54-9A1E7A4F7556}") = "LiveClinic.Shared.Tests", "tests\LiveClinic.Shared.Tests\LiveClinic.Shared.Tests.csproj", "{7F363437-C829-4272-972B-EE5296BA83FB}"
EndProject
Project("{9A19103F-16F7-4668-BE54-9A1E7A4F7556}") = "LiveClinic.Registry.Tests", "tests\LiveClinic.Registry.Tests\LiveClinic.Registry.Tests.csproj", "{E1FF40D2-DE33-438C-940E-F9F28C79F190}"
EndProject
Project("{9A19103F-16F7-4668-BE54-9A1E7A4F7556}") = "LiveClinic.Billing.Tests", "tests\LiveClinic.Billing.Tests\LiveClinic.Billing.Tests.csproj", "{8379B36B-3840-4F14-AF02-C7EA99F3A701}"
EndProject
Project("{2150E333-8FDC-42A3-9474-1A3956D46DE8}") = "liveclinic", "liveclinic", "{630587FB-C8DF-448D-B7B7-FD4162D13A97}"
EndProject
Project("{9A19103F-16F7-4668-BE54-9A1E7A4F7556}") = "LiveClinic", "src\liveclinic\LiveClinic\LiveClinic.csproj", "{7F2783F5-179A-4413-81C0-7ED8DA1AD8F6}"
EndProject
Project("{FAE04EC0-301F-11D3-BF4B-00C04F79EFBC}") = "LiveClinic.Shared", "src\shared\LiveClinic.Shared\LiveClinic.Shared.csproj", "{84F5C81C-688D-4D1F-87E8-9926D947EB2C}"
EndProject
Project("{FAE04EC0-301F-11D3-BF4B-00C04F79EFBC}") = "LiveAuth.Admin.EntityFramework.SqlServer", "src\auth\LiveAuth.Admin.EntityFramework.SqlServer\LiveAuth.Admin.EntityFramework.SqlServer.csproj", "{4CEF5ABC-38E0-45D4-A67E-EE70010B5418}"
EndProject
Project("{FAE04EC0-301F-11D3-BF4B-00C04F79EFBC}") = "LiveAuth.Admin.EntityFramework.SqlLite", "src\auth\LiveAuth.Admin.EntityFramework.SqlLite\LiveAuth.Admin.EntityFramework.SqlLite.csproj", "{B7C7218E-0D10-4935-B5D8-1D313036F670}"
EndProject
Global
	GlobalSection(SolutionConfigurationPlatforms) = preSolution
		Debug|Any CPU = Debug|Any CPU
		Release|Any CPU = Release|Any CPU
	EndGlobalSection
	GlobalSection(ProjectConfigurationPlatforms) = postSolution
		{A261C5EB-3D4A-4B1B-B3BA-7D9A039B5172}.Debug|Any CPU.ActiveCfg = Debug|Any CPU
		{A261C5EB-3D4A-4B1B-B3BA-7D9A039B5172}.Debug|Any CPU.Build.0 = Debug|Any CPU
		{A261C5EB-3D4A-4B1B-B3BA-7D9A039B5172}.Release|Any CPU.ActiveCfg = Release|Any CPU
		{A261C5EB-3D4A-4B1B-B3BA-7D9A039B5172}.Release|Any CPU.Build.0 = Release|Any CPU
		{99BCC69E-3FB1-4276-B000-927130E78CB3}.Debug|Any CPU.ActiveCfg = Debug|Any CPU
		{99BCC69E-3FB1-4276-B000-927130E78CB3}.Debug|Any CPU.Build.0 = Debug|Any CPU
		{99BCC69E-3FB1-4276-B000-927130E78CB3}.Release|Any CPU.ActiveCfg = Release|Any CPU
		{99BCC69E-3FB1-4276-B000-927130E78CB3}.Release|Any CPU.Build.0 = Release|Any CPU
		{BAB914C4-8CEF-4C1B-B75F-551FC40E7222}.Debug|Any CPU.ActiveCfg = Debug|Any CPU
		{BAB914C4-8CEF-4C1B-B75F-551FC40E7222}.Debug|Any CPU.Build.0 = Debug|Any CPU
		{BAB914C4-8CEF-4C1B-B75F-551FC40E7222}.Release|Any CPU.ActiveCfg = Release|Any CPU
		{BAB914C4-8CEF-4C1B-B75F-551FC40E7222}.Release|Any CPU.Build.0 = Release|Any CPU
		{389D0641-694E-4475-9C39-076BD0E26047}.Debug|Any CPU.ActiveCfg = Debug|Any CPU
		{389D0641-694E-4475-9C39-076BD0E26047}.Debug|Any CPU.Build.0 = Debug|Any CPU
		{389D0641-694E-4475-9C39-076BD0E26047}.Release|Any CPU.ActiveCfg = Release|Any CPU
		{389D0641-694E-4475-9C39-076BD0E26047}.Release|Any CPU.Build.0 = Release|Any CPU
		{F6F4DEF0-3DBA-49C7-9088-DEC82075C59E}.Debug|Any CPU.ActiveCfg = Debug|Any CPU
		{F6F4DEF0-3DBA-49C7-9088-DEC82075C59E}.Debug|Any CPU.Build.0 = Debug|Any CPU
		{F6F4DEF0-3DBA-49C7-9088-DEC82075C59E}.Release|Any CPU.ActiveCfg = Release|Any CPU
		{F6F4DEF0-3DBA-49C7-9088-DEC82075C59E}.Release|Any CPU.Build.0 = Release|Any CPU
		{E5E96CF3-6116-4257-9BA9-49237D79AE8D}.Debug|Any CPU.ActiveCfg = Debug|Any CPU
		{E5E96CF3-6116-4257-9BA9-49237D79AE8D}.Debug|Any CPU.Build.0 = Debug|Any CPU
		{E5E96CF3-6116-4257-9BA9-49237D79AE8D}.Release|Any CPU.ActiveCfg = Release|Any CPU
		{E5E96CF3-6116-4257-9BA9-49237D79AE8D}.Release|Any CPU.Build.0 = Release|Any CPU
		{E7E74907-3878-4586-8B50-9EE74517D6E2}.Debug|Any CPU.ActiveCfg = Debug|Any CPU
		{E7E74907-3878-4586-8B50-9EE74517D6E2}.Debug|Any CPU.Build.0 = Debug|Any CPU
		{E7E74907-3878-4586-8B50-9EE74517D6E2}.Release|Any CPU.ActiveCfg = Release|Any CPU
		{E7E74907-3878-4586-8B50-9EE74517D6E2}.Release|Any CPU.Build.0 = Release|Any CPU
		{344F32A8-C59C-4B69-B182-646B764563A3}.Debug|Any CPU.ActiveCfg = Debug|Any CPU
		{344F32A8-C59C-4B69-B182-646B764563A3}.Debug|Any CPU.Build.0 = Debug|Any CPU
		{344F32A8-C59C-4B69-B182-646B764563A3}.Release|Any CPU.ActiveCfg = Release|Any CPU
		{344F32A8-C59C-4B69-B182-646B764563A3}.Release|Any CPU.Build.0 = Release|Any CPU
		{02ADFD47-3AF6-48D9-8EBB-E76F9CAB2BCD}.Debug|Any CPU.ActiveCfg = Debug|Any CPU
		{02ADFD47-3AF6-48D9-8EBB-E76F9CAB2BCD}.Debug|Any CPU.Build.0 = Debug|Any CPU
		{02ADFD47-3AF6-48D9-8EBB-E76F9CAB2BCD}.Release|Any CPU.ActiveCfg = Release|Any CPU
		{02ADFD47-3AF6-48D9-8EBB-E76F9CAB2BCD}.Release|Any CPU.Build.0 = Release|Any CPU
		{7F363437-C829-4272-972B-EE5296BA83FB}.Debug|Any CPU.ActiveCfg = Debug|Any CPU
		{7F363437-C829-4272-972B-EE5296BA83FB}.Debug|Any CPU.Build.0 = Debug|Any CPU
		{7F363437-C829-4272-972B-EE5296BA83FB}.Release|Any CPU.ActiveCfg = Release|Any CPU
		{7F363437-C829-4272-972B-EE5296BA83FB}.Release|Any CPU.Build.0 = Release|Any CPU
		{E1FF40D2-DE33-438C-940E-F9F28C79F190}.Debug|Any CPU.ActiveCfg = Debug|Any CPU
		{E1FF40D2-DE33-438C-940E-F9F28C79F190}.Debug|Any CPU.Build.0 = Debug|Any CPU
		{E1FF40D2-DE33-438C-940E-F9F28C79F190}.Release|Any CPU.ActiveCfg = Release|Any CPU
		{E1FF40D2-DE33-438C-940E-F9F28C79F190}.Release|Any CPU.Build.0 = Release|Any CPU
		{8379B36B-3840-4F14-AF02-C7EA99F3A701}.Debug|Any CPU.ActiveCfg = Debug|Any CPU
		{8379B36B-3840-4F14-AF02-C7EA99F3A701}.Debug|Any CPU.Build.0 = Debug|Any CPU
		{8379B36B-3840-4F14-AF02-C7EA99F3A701}.Release|Any CPU.ActiveCfg = Release|Any CPU
		{8379B36B-3840-4F14-AF02-C7EA99F3A701}.Release|Any CPU.Build.0 = Release|Any CPU
		{7F2783F5-179A-4413-81C0-7ED8DA1AD8F6}.Debug|Any CPU.ActiveCfg = Debug|Any CPU
		{7F2783F5-179A-4413-81C0-7ED8DA1AD8F6}.Debug|Any CPU.Build.0 = Debug|Any CPU
		{7F2783F5-179A-4413-81C0-7ED8DA1AD8F6}.Release|Any CPU.ActiveCfg = Release|Any CPU
		{7F2783F5-179A-4413-81C0-7ED8DA1AD8F6}.Release|Any CPU.Build.0 = Release|Any CPU
		{84F5C81C-688D-4D1F-87E8-9926D947EB2C}.Debug|Any CPU.ActiveCfg = Debug|Any CPU
		{84F5C81C-688D-4D1F-87E8-9926D947EB2C}.Debug|Any CPU.Build.0 = Debug|Any CPU
		{84F5C81C-688D-4D1F-87E8-9926D947EB2C}.Release|Any CPU.ActiveCfg = Release|Any CPU
		{84F5C81C-688D-4D1F-87E8-9926D947EB2C}.Release|Any CPU.Build.0 = Release|Any CPU
		{1C2F900B-58F9-4C71-8EEC-BB6A732D7E51}.Debug|Any CPU.ActiveCfg = Debug|Any CPU
		{1C2F900B-58F9-4C71-8EEC-BB6A732D7E51}.Debug|Any CPU.Build.0 = Debug|Any CPU
		{1C2F900B-58F9-4C71-8EEC-BB6A732D7E51}.Release|Any CPU.ActiveCfg = Release|Any CPU
		{1C2F900B-58F9-4C71-8EEC-BB6A732D7E51}.Release|Any CPU.Build.0 = Release|Any CPU
		{4CEF5ABC-38E0-45D4-A67E-EE70010B5418}.Debug|Any CPU.ActiveCfg = Debug|Any CPU
		{4CEF5ABC-38E0-45D4-A67E-EE70010B5418}.Debug|Any CPU.Build.0 = Debug|Any CPU
		{4CEF5ABC-38E0-45D4-A67E-EE70010B5418}.Release|Any CPU.ActiveCfg = Release|Any CPU
		{4CEF5ABC-38E0-45D4-A67E-EE70010B5418}.Release|Any CPU.Build.0 = Release|Any CPU
		{B7C7218E-0D10-4935-B5D8-1D313036F670}.Debug|Any CPU.ActiveCfg = Debug|Any CPU
		{B7C7218E-0D10-4935-B5D8-1D313036F670}.Debug|Any CPU.Build.0 = Debug|Any CPU
		{B7C7218E-0D10-4935-B5D8-1D313036F670}.Release|Any CPU.ActiveCfg = Release|Any CPU
		{B7C7218E-0D10-4935-B5D8-1D313036F670}.Release|Any CPU.Build.0 = Release|Any CPU
	EndGlobalSection
	GlobalSection(SolutionProperties) = preSolution
		HideSolutionNode = FALSE
	EndGlobalSection
	GlobalSection(NestedProjects) = preSolution
		{CC71A8D0-420D-45CF-B370-B9DF84DB91D6} = {EA99B815-A277-4494-8CD5-37552EF1B57F}
		{A261C5EB-3D4A-4B1B-B3BA-7D9A039B5172} = {CC71A8D0-420D-45CF-B370-B9DF84DB91D6}
		{99BCC69E-3FB1-4276-B000-927130E78CB3} = {CC71A8D0-420D-45CF-B370-B9DF84DB91D6}
		{BAB914C4-8CEF-4C1B-B75F-551FC40E7222} = {CC71A8D0-420D-45CF-B370-B9DF84DB91D6}
		{389D0641-694E-4475-9C39-076BD0E26047} = {CC71A8D0-420D-45CF-B370-B9DF84DB91D6}
		{F6F4DEF0-3DBA-49C7-9088-DEC82075C59E} = {CC71A8D0-420D-45CF-B370-B9DF84DB91D6}
		{E5E96CF3-6116-4257-9BA9-49237D79AE8D} = {CC71A8D0-420D-45CF-B370-B9DF84DB91D6}
		{6A3AEA36-A835-4B61-9CDA-05678507C845} = {EA99B815-A277-4494-8CD5-37552EF1B57F}
		{1227A1B4-93F5-4268-B826-523369AC05CD} = {EA99B815-A277-4494-8CD5-37552EF1B57F}
		{E7E74907-3878-4586-8B50-9EE74517D6E2} = {1227A1B4-93F5-4268-B826-523369AC05CD}
		{13888FDE-651F-4FCB-94F0-42B042857CEF} = {EA99B815-A277-4494-8CD5-37552EF1B57F}
		{046AEC56-FF07-472F-ADD1-53D4D2F480B5} = {EA99B815-A277-4494-8CD5-37552EF1B57F}
		{344F32A8-C59C-4B69-B182-646B764563A3} = {046AEC56-FF07-472F-ADD1-53D4D2F480B5}
		{02ADFD47-3AF6-48D9-8EBB-E76F9CAB2BCD} = {13888FDE-651F-4FCB-94F0-42B042857CEF}
		{7F363437-C829-4272-972B-EE5296BA83FB} = {BEA6D91D-1382-41BF-BDBD-05F32E1C1842}
		{E1FF40D2-DE33-438C-940E-F9F28C79F190} = {BEA6D91D-1382-41BF-BDBD-05F32E1C1842}
		{8379B36B-3840-4F14-AF02-C7EA99F3A701} = {BEA6D91D-1382-41BF-BDBD-05F32E1C1842}
		{630587FB-C8DF-448D-B7B7-FD4162D13A97} = {EA99B815-A277-4494-8CD5-37552EF1B57F}
		{7F2783F5-179A-4413-81C0-7ED8DA1AD8F6} = {630587FB-C8DF-448D-B7B7-FD4162D13A97}
		{84F5C81C-688D-4D1F-87E8-9926D947EB2C} = {6A3AEA36-A835-4B61-9CDA-05678507C845}
		{1C2F900B-58F9-4C71-8EEC-BB6A732D7E51} = {CC71A8D0-420D-45CF-B370-B9DF84DB91D6}
		{4CEF5ABC-38E0-45D4-A67E-EE70010B5418} = {CC71A8D0-420D-45CF-B370-B9DF84DB91D6}
		{B7C7218E-0D10-4935-B5D8-1D313036F670} = {CC71A8D0-420D-45CF-B370-B9DF84DB91D6}
	EndGlobalSection
	GlobalSection(ExtensibilityGlobals) = postSolution
		SolutionGuid = {18ECAD25-F29A-4448-AF4E-286CE54D56C8}
	EndGlobalSection
EndGlobal
